// !$*UTF8*$!
{
	archiveVersion = 1;
	classes = {
	};
	objectVersion = 50;
	objects = {

/* Begin PBXBuildFile section */
		9BBC5B9822BA70CE00A3AC4B /* AppDelegate.swift in Sources */ = {isa = PBXBuildFile; fileRef = 9BBC5B9722BA70CE00A3AC4B /* AppDelegate.swift */; };
		9BBC5B9C22BA70CE00A3AC4B /* Actions.sks in Resources */ = {isa = PBXBuildFile; fileRef = 9BBC5B9B22BA70CE00A3AC4B /* Actions.sks */; };
		9BBC5BA022BA70CE00A3AC4B /* GameViewController.swift in Sources */ = {isa = PBXBuildFile; fileRef = 9BBC5B9F22BA70CE00A3AC4B /* GameViewController.swift */; };
		9BBC5BA322BA70CE00A3AC4B /* Main.storyboard in Resources */ = {isa = PBXBuildFile; fileRef = 9BBC5BA122BA70CE00A3AC4B /* Main.storyboard */; };
		9BBC5BA522BA70CF00A3AC4B /* Assets.xcassets in Resources */ = {isa = PBXBuildFile; fileRef = 9BBC5BA422BA70CF00A3AC4B /* Assets.xcassets */; };
		9BBC5BA822BA70CF00A3AC4B /* LaunchScreen.storyboard in Resources */ = {isa = PBXBuildFile; fileRef = 9BBC5BA622BA70CF00A3AC4B /* LaunchScreen.storyboard */; };
		9BBC5BB322BA7AF100A3AC4B /* Level3.swift in Sources */ = {isa = PBXBuildFile; fileRef = 9BBC5BAF22BA7AF100A3AC4B /* Level3.swift */; };
		9BBC5BB422BA7AF100A3AC4B /* Level3.sks in Resources */ = {isa = PBXBuildFile; fileRef = 9BBC5BB022BA7AF100A3AC4B /* Level3.sks */; };
		9BBC5BB522BA7AF100A3AC4B /* Level2.sks in Resources */ = {isa = PBXBuildFile; fileRef = 9BBC5BB122BA7AF100A3AC4B /* Level2.sks */; };
		9BBC5BB622BA7AF100A3AC4B /* Level2.swift in Sources */ = {isa = PBXBuildFile; fileRef = 9BBC5BB222BA7AF100A3AC4B /* Level2.swift */; };
		9BBC5BB922BA7B3100A3AC4B /* GameScene.sks in Resources */ = {isa = PBXBuildFile; fileRef = 9BBC5BB722BA7B3100A3AC4B /* GameScene.sks */; };
		9BBC5BBA22BA7B3100A3AC4B /* GameScene.swift in Sources */ = {isa = PBXBuildFile; fileRef = 9BBC5BB822BA7B3100A3AC4B /* GameScene.swift */; };
/* End PBXBuildFile section */

/* Begin PBXFileReference section */
		9BBC5B9422BA70CE00A3AC4B /* Test2_iOS_5244.app */ = {isa = PBXFileReference; explicitFileType = wrapper.application; includeInIndex = 0; path = Test2_iOS_5244.app; sourceTree = BUILT_PRODUCTS_DIR; };
		9BBC5B9722BA70CE00A3AC4B /* AppDelegate.swift */ = {isa = PBXFileReference; lastKnownFileType = sourcecode.swift; path = AppDelegate.swift; sourceTree = "<group>"; };
		9BBC5B9B22BA70CE00A3AC4B /* Actions.sks */ = {isa = PBXFileReference; lastKnownFileType = file.sks; path = Actions.sks; sourceTree = "<group>"; };
		9BBC5B9F22BA70CE00A3AC4B /* GameViewController.swift */ = {isa = PBXFileReference; lastKnownFileType = sourcecode.swift; path = GameViewController.swift; sourceTree = "<group>"; };
		9BBC5BA222BA70CE00A3AC4B /* Base */ = {isa = PBXFileReference; lastKnownFileType = file.storyboard; name = Base; path = Base.lproj/Main.storyboard; sourceTree = "<group>"; };
		9BBC5BA422BA70CF00A3AC4B /* Assets.xcassets */ = {isa = PBXFileReference; lastKnownFileType = folder.assetcatalog; path = Assets.xcassets; sourceTree = "<group>"; };
		9BBC5BA722BA70CF00A3AC4B /* Base */ = {isa = PBXFileReference; lastKnownFileType = file.storyboard; name = Base; path = Base.lproj/LaunchScreen.storyboard; sourceTree = "<group>"; };
		9BBC5BA922BA70CF00A3AC4B /* Info.plist */ = {isa = PBXFileReference; lastKnownFileType = text.plist.xml; path = Info.plist; sourceTree = "<group>"; };
		9BBC5BAF22BA7AF100A3AC4B /* Level3.swift */ = {isa = PBXFileReference; fileEncoding = 4; lastKnownFileType = sourcecode.swift; name = Level3.swift; path = "../../../Downloads/jenelleteaches-test34-s19-starter-79e0dac347c7/Test34-S19/Level3.swift"; sourceTree = "<group>"; };
		9BBC5BB022BA7AF100A3AC4B /* Level3.sks */ = {isa = PBXFileReference; lastKnownFileType = file.sks; name = Level3.sks; path = "../../../Downloads/jenelleteaches-test34-s19-starter-79e0dac347c7/Test34-S19/Level3.sks"; sourceTree = "<group>"; };
		9BBC5BB122BA7AF100A3AC4B /* Level2.sks */ = {isa = PBXFileReference; lastKnownFileType = file.sks; name = Level2.sks; path = "../../../Downloads/jenelleteaches-test34-s19-starter-79e0dac347c7/Test34-S19/Level2.sks"; sourceTree = "<group>"; };
		9BBC5BB222BA7AF100A3AC4B /* Level2.swift */ = {isa = PBXFileReference; fileEncoding = 4; lastKnownFileType = sourcecode.swift; name = Level2.swift; path = "../../../Downloads/jenelleteaches-test34-s19-starter-79e0dac347c7/Test34-S19/Level2.swift"; sourceTree = "<group>"; };
		9BBC5BB722BA7B3100A3AC4B /* GameScene.sks */ = {isa = PBXFileReference; lastKnownFileType = file.sks; name = GameScene.sks; path = "../../../Downloads/jenelleteaches-test34-s19-starter-79e0dac347c7/Test34-S19/GameScene.sks"; sourceTree = "<group>"; };
		9BBC5BB822BA7B3100A3AC4B /* GameScene.swift */ = {isa = PBXFileReference; fileEncoding = 4; lastKnownFileType = sourcecode.swift; name = GameScene.swift; path = "../../../Downloads/jenelleteaches-test34-s19-starter-79e0dac347c7/Test34-S19/GameScene.swift"; sourceTree = "<group>"; };
/* End PBXFileReference section */

/* Begin PBXFrameworksBuildPhase section */
		9BBC5B9122BA70CE00A3AC4B /* Frameworks */ = {
			isa = PBXFrameworksBuildPhase;
			buildActionMask = 2147483647;
			files = (
			);
			runOnlyForDeploymentPostprocessing = 0;
		};
/* End PBXFrameworksBuildPhase section */

/* Begin PBXGroup section */
		9BBC5B8B22BA70CE00A3AC4B = {
			isa = PBXGroup;
			children = (
				9BBC5B9622BA70CE00A3AC4B /* Test2_iOS_5244 */,
				9BBC5B9522BA70CE00A3AC4B /* Products */,
			);
			sourceTree = "<group>";
		};
		9BBC5B9522BA70CE00A3AC4B /* Products */ = {
			isa = PBXGroup;
			children = (
				9BBC5B9422BA70CE00A3AC4B /* Test2_iOS_5244.app */,
			);
			name = Products;
			sourceTree = "<group>";
		};
		9BBC5B9622BA70CE00A3AC4B /* Test2_iOS_5244 */ = {
			isa = PBXGroup;
			children = (
				9BBC5B9722BA70CE00A3AC4B /* AppDelegate.swift */,
				9BBC5B9B22BA70CE00A3AC4B /* Actions.sks */,
				9BBC5BB122BA7AF100A3AC4B /* Level2.sks */,
				9BBC5BB222BA7AF100A3AC4B /* Level2.swift */,
				9BBC5BB022BA7AF100A3AC4B /* Level3.sks */,
				9BBC5BB722BA7B3100A3AC4B /* GameScene.sks */,
				9BBC5BB822BA7B3100A3AC4B /* GameScene.swift */,
				9BBC5BAF22BA7AF100A3AC4B /* Level3.swift */,
				9BBC5B9F22BA70CE00A3AC4B /* GameViewController.swift */,
				9BBC5BA122BA70CE00A3AC4B /* Main.storyboard */,
				9BBC5BA422BA70CF00A3AC4B /* Assets.xcassets */,
				9BBC5BA622BA70CF00A3AC4B /* LaunchScreen.storyboard */,
				9BBC5BA922BA70CF00A3AC4B /* Info.plist */,
			);
			path = Test2_iOS_5244;
			sourceTree = "<group>";
		};
/* End PBXGroup section */

/* Begin PBXNativeTarget section */
		9BBC5B9322BA70CE00A3AC4B /* Test2_iOS_5244 */ = {
			isa = PBXNativeTarget;
			buildConfigurationList = 9BBC5BAC22BA70CF00A3AC4B /* Build configuration list for PBXNativeTarget "Test2_iOS_5244" */;
			buildPhases = (
				9BBC5B9022BA70CE00A3AC4B /* Sources */,
				9BBC5B9122BA70CE00A3AC4B /* Frameworks */,
				9BBC5B9222BA70CE00A3AC4B /* Resources */,
			);
			buildRules = (
			);
			dependencies = (
			);
			name = Test2_iOS_5244;
			productName = Test2_iOS_5244;
			productReference = 9BBC5B9422BA70CE00A3AC4B /* Test2_iOS_5244.app */;
			productType = "com.apple.product-type.application";
		};
/* End PBXNativeTarget section */

/* Begin PBXProject section */
		9BBC5B8C22BA70CE00A3AC4B /* Project object */ = {
			isa = PBXProject;
			attributes = {
				LastSwiftUpdateCheck = 1020;
				LastUpgradeCheck = 1020;
				ORGANIZATIONNAME = MacStudent;
				TargetAttributes = {
					9BBC5B9322BA70CE00A3AC4B = {
						CreatedOnToolsVersion = 10.2.1;
					};
				};
			};
			buildConfigurationList = 9BBC5B8F22BA70CE00A3AC4B /* Build configuration list for PBXProject "Test2_iOS_5244" */;
			compatibilityVersion = "Xcode 9.3";
			developmentRegion = en;
			hasScannedForEncodings = 0;
			knownRegions = (
				en,
				Base,
			);
			mainGroup = 9BBC5B8B22BA70CE00A3AC4B;
			productRefGroup = 9BBC5B9522BA70CE00A3AC4B /* Products */;
			projectDirPath = "";
			projectRoot = "";
			targets = (
				9BBC5B9322BA70CE00A3AC4B /* Test2_iOS_5244 */,
			);
		};
/* End PBXProject section */

/* Begin PBXResourcesBuildPhase section */
		9BBC5B9222BA70CE00A3AC4B /* Resources */ = {
			isa = PBXResourcesBuildPhase;
			buildActionMask = 2147483647;
			files = (
				9BBC5BB422BA7AF100A3AC4B /* Level3.sks in Resources */,
				9BBC5BA322BA70CE00A3AC4B /* Main.storyboard in Resources */,
				9BBC5BA522BA70CF00A3AC4B /* Assets.xcassets in Resources */,
				9BBC5BA822BA70CF00A3AC4B /* LaunchScreen.storyboard in Resources */,
				9BBC5BB922BA7B3100A3AC4B /* GameScene.sks in Resources */,
				9BBC5BB522BA7AF100A3AC4B /* Level2.sks in Resources */,
				9BBC5B9C22BA70CE00A3AC4B /* Actions.sks in Resources */,
			);
			runOnlyForDeploymentPostprocessing = 0;
		};
/* End PBXResourcesBuildPhase section */

/* Begin PBXSourcesBuildPhase section */
		9BBC5B9022BA70CE00A3AC4B /* Sources */ = {
			isa = PBXSourcesBuildPhase;
			buildActionMask = 2147483647;
			files = (
				9BBC5BBA22BA7B3100A3AC4B /* GameScene.swift in Sources */,
				9BBC5BB622BA7AF100A3AC4B /* Level2.swift in Sources */,
				9BBC5BA022BA70CE00A3AC4B /* GameViewController.swift in Sources */,
				9BBC5BB322BA7AF100A3AC4B /* Level3.swift in Sources */,
				9BBC5B9822BA70CE00A3AC4B /* AppDelegate.swift in Sources */,
			);
			runOnlyForDeploymentPostprocessing = 0;
		};
/* End PBXSourcesBuildPhase section */

/* Begin PBXVariantGroup section */
		9BBC5BA122BA70CE00A3AC4B /* Main.storyboard */ = {
			isa = PBXVariantGroup;
			children = (
				9BBC5BA222BA70CE00A3AC4B /* Base */,
			);
			name = Main.storyboard;
			sourceTree = "<group>";
		};
		9BBC5BA622BA70CF00A3AC4B /* LaunchScreen.storyboard */ = {
			isa = PBXVariantGroup;
			children = (
				9BBC5BA722BA70CF00A3AC4B /* Base */,
			);
			name = LaunchScreen.storyboard;
			sourceTree = "<group>";
		};
/* End PBXVariantGroup section */

/* Begin XCBuildConfiguration section */
		9BBC5BAA22BA70CF00A3AC4B /* Debug */ = {
			isa = XCBuildConfiguration;
			buildSettings = {
				ALWAYS_SEARCH_USER_PATHS = NO;
				CLANG_ANALYZER_NONNULL = YES;
				CLANG_ANALYZER_NUMBER_OBJECT_CONVERSION = YES_AGGRESSIVE;
				CLANG_CXX_LANGUAGE_STANDARD = "gnu++14";
				CLANG_CXX_LIBRARY = "libc++";
				CLANG_ENABLE_MODULES = YES;
				CLANG_ENABLE_OBJC_ARC = YES;
				CLANG_ENABLE_OBJC_WEAK = YES;
				CLANG_WARN_BLOCK_CAPTURE_AUTORELEASING = YES;
				CLANG_WARN_BOOL_CONVERSION = YES;
				CLANG_WARN_COMMA = YES;
				CLANG_WARN_CONSTANT_CONVERSION = YES;
				CLANG_WARN_DEPRECATED_OBJC_IMPLEMENTATIONS = YES;
				CLANG_WARN_DIRECT_OBJC_ISA_USAGE = YES_ERROR;
				CLANG_WARN_DOCUMENTATION_COMMENTS = YES;
				CLANG_WARN_EMPTY_BODY = YES;
				CLANG_WARN_ENUM_CONVERSION = YES;
				CLANG_WARN_INFINITE_RECURSION = YES;
				CLANG_WARN_INT_CONVERSION = YES;
				CLANG_WARN_NON_LITERAL_NULL_CONVERSION = YES;
				CLANG_WARN_OBJC_IMPLICIT_RETAIN_SELF = YES;
				CLANG_WARN_OBJC_LITERAL_CONVERSION = YES;
				CLANG_WARN_OBJC_ROOT_CLASS = YES_ERROR;
				CLANG_WARN_RANGE_LOOP_ANALYSIS = YES;
				CLANG_WARN_STRICT_PROTOTYPES = YES;
				CLANG_WARN_SUSPICIOUS_MOVE = YES;
				CLANG_WARN_UNGUARDED_AVAILABILITY = YES_AGGRESSIVE;
				CLANG_WARN_UNREACHABLE_CODE = YES;
				CLANG_WARN__DUPLICATE_METHOD_MATCH = YES;
				CODE_SIGN_IDENTITY = "iPhone Developer";
				COPY_PHASE_STRIP = NO;
				DEBUG_INFORMATION_FORMAT = dwarf;
				ENABLE_STRICT_OBJC_MSGSEND = YES;
				ENABLE_TESTABILITY = YES;
				GCC_C_LANGUAGE_STANDARD = gnu11;
				GCC_DYNAMIC_NO_PIC = NO;
				GCC_NO_COMMON_BLOCKS = YES;
				GCC_OPTIMIZATION_LEVEL = 0;
				GCC_PREPROCESSOR_DEFINITIONS = (
					"DEBUG=1",
					"$(inherited)",
				);
				GCC_WARN_64_TO_32_BIT_CONVERSION = YES;
				GCC_WARN_ABOUT_RETURN_TYPE = YES_ERROR;
				GCC_WARN_UNDECLARED_SELECTOR = YES;
				GCC_WARN_UNINITIALIZED_AUTOS = YES_AGGRESSIVE;
				GCC_WARN_UNUSED_FUNCTION = YES;
				GCC_WARN_UNUSED_VARIABLE = YES;
				IPHONEOS_DEPLOYMENT_TARGET = 12.2;
				MTL_ENABLE_DEBUG_INFO = INCLUDE_SOURCE;
				MTL_FAST_MATH = YES;
				ONLY_ACTIVE_ARCH = YES;
				SDKROOT = iphoneos;
				SWIFT_ACTIVE_COMPILATION_CONDITIONS = DEBUG;
				SWIFT_OPTIMIZATION_LEVEL = "-Onone";
			};
			name = Debug;
		};
		9BBC5BAB22BA70CF00A3AC4B /* Release */ = {
			isa = XCBuildConfiguration;
			buildSettings = {
				ALWAYS_SEARCH_USER_PATHS = NO;
				CLANG_ANALYZER_NONNULL = YES;
				CLANG_ANALYZER_NUMBER_OBJECT_CONVERSION = YES_AGGRESSIVE;
				CLANG_CXX_LANGUAGE_STANDARD = "gnu++14";
				CLANG_CXX_LIBRARY = "libc++";
				CLANG_ENABLE_MODULES = YES;
				CLANG_ENABLE_OBJC_ARC = YES;
				CLANG_ENABLE_OBJC_WEAK = YES;
				CLANG_WARN_BLOCK_CAPTURE_AUTORELEASING = YES;
				CLANG_WARN_BOOL_CONVERSION = YES;
				CLANG_WARN_COMMA = YES;
				CLANG_WARN_CONSTANT_CONVERSION = YES;
				CLANG_WARN_DEPRECATED_OBJC_IMPLEMENTATIONS = YES;
				CLANG_WARN_DIRECT_OBJC_ISA_USAGE = YES_ERROR;
				CLANG_WARN_DOCUMENTATION_COMMENTS = YES;
				CLANG_WARN_EMPTY_BODY = YES;
				CLANG_WARN_ENUM_CONVERSION = YES;
				CLANG_WARN_INFINITE_RECURSION = YES;
				CLANG_WARN_INT_CONVERSION = YES;
				CLANG_WARN_NON_LITERAL_NULL_CONVERSION = YES;
				CLANG_WARN_OBJC_IMPLICIT_RETAIN_SELF = YES;
				CLANG_WARN_OBJC_LITERAL_CONVERSION = YES;
				CLANG_WARN_OBJC_ROOT_CLASS = YES_ERROR;
				CLANG_WARN_RANGE_LOOP_ANALYSIS = YES;
				CLANG_WARN_STRICT_PROTOTYPES = YES;
				CLANG_WARN_SUSPICIOUS_MOVE = YES;
				CLANG_WARN_UNGUARDED_AVAILABILITY = YES_AGGRESSIVE;
				CLANG_WARN_UNREACHABLE_CODE = YES;
				CLANG_WARN__DUPLICATE_METHOD_MATCH = YES;
				CODE_SIGN_IDENTITY = "iPhone Developer";
				COPY_PHASE_STRIP = NO;
				DEBUG_INFORMATION_FORMAT = "dwarf-with-dsym";
				ENABLE_NS_ASSERTIONS = NO;
				ENABLE_STRICT_OBJC_MSGSEND = YES;
				GCC_C_LANGUAGE_STANDARD = gnu11;
				GCC_NO_COMMON_BLOCKS = YES;
				GCC_WARN_64_TO_32_BIT_CONVERSION = YES;
				GCC_WARN_ABOUT_RETURN_TYPE = YES_ERROR;
				GCC_WARN_UNDECLARED_SELECTOR = YES;
				GCC_WARN_UNINITIALIZED_AUTOS = YES_AGGRESSIVE;
				GCC_WARN_UNUSED_FUNCTION = YES;
				GCC_WARN_UNUSED_VARIABLE = YES;
				IPHONEOS_DEPLOYMENT_TARGET = 12.2;
				MTL_ENABLE_DEBUG_INFO = NO;
				MTL_FAST_MATH = YES;
				SDKROOT = iphoneos;
				SWIFT_COMPILATION_MODE = wholemodule;
				SWIFT_OPTIMIZATION_LEVEL = "-O";
				VALIDATE_PRODUCT = YES;
			};
			name = Release;
		};
		9BBC5BAD22BA70CF00A3AC4B /* Debug */ = {
			isa = XCBuildConfiguration;
			buildSettings = {
				ASSETCATALOG_COMPILER_APPICON_NAME = AppIcon;
				CODE_SIGN_STYLE = Automatic;
				INFOPLIST_FILE = Test2_iOS_5244/Info.plist;
				LD_RUNPATH_SEARCH_PATHS = (
					"$(inherited)",
					"@executable_path/Frameworks",
				);
				PRODUCT_BUNDLE_IDENTIFIER = "CestarCollege.Test2-iOS-5244";
				PRODUCT_NAME = "$(TARGET_NAME)";
				SWIFT_VERSION = 5.0;
				TARGETED_DEVICE_FAMILY = "1,2";
			};
			name = Debug;
		};
		9BBC5BAE22BA70CF00A3AC4B /* Release */ = {
			isa = XCBuildConfiguration;
			buildSettings = {
				ASSETCATALOG_COMPILER_APPICON_NAME = AppIcon;
				CODE_SIGN_STYLE = Automatic;
				INFOPLIST_FILE = Test2_iOS_5244/Info.plist;
				LD_RUNPATH_SEARCH_PATHS = (
					"$(inherited)",
					"@executable_path/Frameworks",
				);
				PRODUCT_BUNDLE_IDENTIFIER = "CestarCollege.Test2-iOS-5244";
				PRODUCT_NAME = "$(TARGET_NAME)";
				SWIFT_VERSION = 5.0;
				TARGETED_DEVICE_FAMILY = "1,2";
			};
			name = Release;
		};
/* End XCBuildConfiguration section */

/* Begin XCConfigurationList section */
		9BBC5B8F22BA70CE00A3AC4B /* Build configuration list for PBXProject "Test2_iOS_5244" */ = {
			isa = XCConfigurationList;
			buildConfigurations = (
				9BBC5BAA22BA70CF00A3AC4B /* Debug */,
				9BBC5BAB22BA70CF00A3AC4B /* Release */,
			);
			defaultConfigurationIsVisible = 0;
			defaultConfigurationName = Release;
		};
		9BBC5BAC22BA70CF00A3AC4B /* Build configuration list for PBXNativeTarget "Test2_iOS_5244" */ = {
			isa = XCConfigurationList;
			buildConfigurations = (
				9BBC5BAD22BA70CF00A3AC4B /* Debug */,
				9BBC5BAE22BA70CF00A3AC4B /* Release */,
			);
			defaultConfigurationIsVisible = 0;
			defaultConfigurationName = Release;
		};
/* End XCConfigurationList section */
	};
	rootObject = 9BBC5B8C22BA70CE00A3AC4B /* Project object */;
}
